{
  "name": "@darkwolf/time.mjs",
  "version": "1.0.0",
  "lockfileVersion": 1,
  "requires": true,
  "dependencies": {
    "@darkwolf/custom-error.mjs": {
      "version": "1.0.1",
      "resolved": "https://registry.npmjs.org/@darkwolf/custom-error.mjs/-/custom-error.mjs-1.0.1.tgz",
      "integrity": "sha512-3JoJIpH6CXZ28rNyNWuIyQus9q/7oGIIUi8j5pzh7VhUUWyca3O8o9NKW3SQkwCie6GlQKuu/X/XDh6OByeYrQ=="
    },
    "@darkwolf/duration.mjs": {
      "version": "1.0.1",
      "resolved": "https://registry.npmjs.org/@darkwolf/duration.mjs/-/duration.mjs-1.0.1.tgz",
      "integrity": "sha512-TDuiQ6rhYZLWdl3xvhB1qOkFV4ICH1l4V4m0N+NqN9EuSflTDMrwSHzbbFlsSv7AhPomKOXo5BtDHsSAoehDUA==",
      "requires": {
        "@darkwolf/custom-error.mjs": "^1.0.1",
        "@darkwolf/helper.mjs": "^1.0.0"
      }
    },
    "@darkwolf/helper.mjs": {
      "version": "1.0.0",
      "resolved": "https://registry.npmjs.org/@darkwolf/helper.mjs/-/helper.mjs-1.0.0.tgz",
      "integrity": "sha512-7EQExpRUo9xKrFfy13P5fVafNetOCB2Ui+9zmXPbMJCjN6+7M9GhS1GGT9DD/RFmQ3x6RpnfT3N3maCOiypmUw=="
    }
  }
}
