{
  "name": "@darkwolf/time.mjs",
  "version": "1.0.3",
  "lockfileVersion": 1,
  "requires": true,
  "dependencies": {
    "@darkwolf/custom-error.mjs": {
      "version": "1.0.1",
      "resolved": "https://registry.npmjs.org/@darkwolf/custom-error.mjs/-/custom-error.mjs-1.0.1.tgz",
      "integrity": "sha512-3JoJIpH6CXZ28rNyNWuIyQus9q/7oGIIUi8j5pzh7VhUUWyca3O8o9NKW3SQkwCie6GlQKuu/X/XDh6OByeYrQ=="
    },
    "@darkwolf/duration.mjs": {
      "version": "1.0.3",
      "resolved": "https://registry.npmjs.org/@darkwolf/duration.mjs/-/duration.mjs-1.0.3.tgz",
      "integrity": "sha512-9xF6N/RKAhrRwUVcU93jYUZG38zzmmXc0q3ENDfe0eVJsKpVAALWCpgSgOG3pU5pq252CYTlcFyfGZ6rNuPc/w==",
      "requires": {
        "@darkwolf/custom-error.mjs": "^1.0.1",
        "@darkwolf/helper.mjs": "^1.0.5",
        "@darkwolf/localizer.mjs": "^1.0.1"
      }
    },
    "@darkwolf/helper.mjs": {
      "version": "1.0.5",
      "resolved": "https://registry.npmjs.org/@darkwolf/helper.mjs/-/helper.mjs-1.0.5.tgz",
      "integrity": "sha512-7ms/1FmsDHs0cL+IxOVYhALqlpjz3gaJGQuuSmZ72hbqSgC1N9clFpv+qYJmS+ad4fSoJupUVCacQldb8A5lKA=="
    },
    "@darkwolf/localizer.mjs": {
      "version": "1.0.1",
      "resolved": "https://registry.npmjs.org/@darkwolf/localizer.mjs/-/localizer.mjs-1.0.1.tgz",
      "integrity": "sha512-2GfawALI8UKrqyv8k02V9H9TYte6W7ulMFGfIOaRK1yqlV3rU1NPsp+foXnd4OVFRwRPg8un9qyNBGMWXCOtpg==",
      "requires": {
        "@darkwolf/custom-error.mjs": "^1.0.1",
        "@darkwolf/helper.mjs": "^1.0.5"
      }
    }
  }
}
