{
  "name": "@darkwolf/time.cjs",
  "version": "1.0.0",
  "lockfileVersion": 1,
  "requires": true,
  "dependencies": {
    "@darkwolf/custom-error.cjs": {
      "version": "1.0.1",
      "resolved": "https://registry.npmjs.org/@darkwolf/custom-error.cjs/-/custom-error.cjs-1.0.1.tgz",
      "integrity": "sha512-HKwi0ysb44xgb+ySxjP0MTrkVFdHIWA6RRmaX3R9sfEM1cPwGOs5+hu5rvQaEjg0pNw6swa9xTzKrPmgCXnuRA=="
    },
    "@darkwolf/duration.cjs": {
      "version": "1.0.1",
      "resolved": "https://registry.npmjs.org/@darkwolf/duration.cjs/-/duration.cjs-1.0.1.tgz",
      "integrity": "sha512-cw9sXG7aBdOvm1RtufNhRSCyUe9/3wQzUqZiwqzcQkx8zt3evVylUOFU+nJdyMkCj0kZ6TM6H5DTHQQsND+1UQ==",
      "requires": {
        "@darkwolf/custom-error.cjs": "^1.0.1",
        "@darkwolf/helper.cjs": "^1.0.0"
      }
    },
    "@darkwolf/helper.cjs": {
      "version": "1.0.0",
      "resolved": "https://registry.npmjs.org/@darkwolf/helper.cjs/-/helper.cjs-1.0.0.tgz",
      "integrity": "sha512-pH6sYzwLlZosNkk4GmAwkVZYBXAEVVoNl1hE58B/u+h+lFxQatN/RM1Yi+JYemKLRzOIzT0royDWOktvIMwJ2Q=="
    }
  }
}
